{
  "name": "basic",
  "version": "0.0.0",
  "lockfileVersion": 2,
  "requires": true,
  "packages": {
    "": {
      "name": "basic",
      "version": "0.0.0",
      "devDependencies": {
        "@squoosh/lib": "0.4.0",
        "prettier": "2.5.1"
      }
    },
    "node_modules/@squoosh/lib": {
      "version": "0.4.0",
      "resolved": "https://registry.npmjs.org/@squoosh/lib/-/lib-0.4.0.tgz",
      "integrity": "sha512-O1LyugWLZjMI4JZeZMA5vzfhfPjfMZXH5/HmVkRagP8B70wH3uoR7tjxfGNdSavey357MwL8YJDxbGwBBdHp7Q==",
      "dev": true,
      "dependencies": {
        "wasm-feature-detect": "^1.2.11",
        "web-streams-polyfill": "^3.0.3"
      },
      "engines": {
        "node": " ^12.5.0 || ^14.0.0 || ^16.0.0 "
      }
    },
    "node_modules/prettier": {
      "version": "2.5.1",
      "resolved": "https://registry.npmjs.org/prettier/-/prettier-2.5.1.tgz",
      "integrity": "sha512-vBZcPRUR5MZJwoyi3ZoyQlc1rXeEck8KgeC9AwwOn+exuxLxq5toTRDTSaVrXHxelDMHy9zlicw8u66yxoSUFg==",
      "dev": true,
      "bin": {
        "prettier": "bin-prettier.js"
      },
      "engines": {
        "node": ">=10.13.0"
      }
    },
    "node_modules/wasm-feature-detect": {
      "version": "1.4.0",
      "resolved": "https://registry.npmjs.org/wasm-feature-detect/-/wasm-feature-detect-1.4.0.tgz",
      "integrity": "sha512-9z4Yk3SeHQdb7E4g6ywQYcUt1CHr9HFiCIA5h29rv0gmW4lCE5dnDhheiJI5qzVPSDnXHyXQPLGPyucsuIzacw==",
      "dev": true
    },
    "node_modules/web-streams-polyfill": {
      "version": "3.2.1",
      "resolved": "https://registry.npmjs.org/web-streams-polyfill/-/web-streams-polyfill-3.2.1.tgz",
      "integrity": "sha512-e0MO3wdXWKrLbL0DgGnUV7WHVuw9OUvL4hjgnPkIeEvESk74gAITi5G606JtZPp39cd8HA9VQzCIvA49LpPN5Q==",
      "dev": true,
      "engines": {
        "node": ">= 8"
      }
    }
  },
  "dependencies": {
    "@squoosh/lib": {
      "version": "0.4.0",
      "resolved": "https://registry.npmjs.org/@squoosh/lib/-/lib-0.4.0.tgz",
      "integrity": "sha512-O1LyugWLZjMI4JZeZMA5vzfhfPjfMZXH5/HmVkRagP8B70wH3uoR7tjxfGNdSavey357MwL8YJDxbGwBBdHp7Q==",
      "dev": true,
      "requires": {
        "wasm-feature-detect": "^1.2.11",
        "web-streams-polyfill": "^3.0.3"
      }
    },
    "prettier": {
      "version": "2.5.1",
      "resolved": "https://registry.npmjs.org/prettier/-/prettier-2.5.1.tgz",
      "integrity": "sha512-vBZcPRUR5MZJwoyi3ZoyQlc1rXeEck8KgeC9AwwOn+exuxLxq5toTRDTSaVrXHxelDMHy9zlicw8u66yxoSUFg==",
      "dev": true
    },
    "wasm-feature-detect": {
      "version": "1.4.0",
      "resolved": "https://registry.npmjs.org/wasm-feature-detect/-/wasm-feature-detect-1.4.0.tgz",
      "integrity": "sha512-9z4Yk3SeHQdb7E4g6ywQYcUt1CHr9HFiCIA5h29rv0gmW4lCE5dnDhheiJI5qzVPSDnXHyXQPLGPyucsuIzacw==",
      "dev": true
    },
    "web-streams-polyfill": {
      "version": "3.2.1",
      "resolved": "https://registry.npmjs.org/web-streams-polyfill/-/web-streams-polyfill-3.2.1.tgz",
      "integrity": "sha512-e0MO3wdXWKrLbL0DgGnUV7WHVuw9OUvL4hjgnPkIeEvESk74gAITi5G606JtZPp39cd8HA9VQzCIvA49LpPN5Q==",
      "dev": true
    }
  }
}
